lockfileVersion: '9.0'

settings:
  autoInstallPeers: true
  excludeLinksFromLockfile: false

importers:

  .:
    dependencies:
      '@hookform/resolvers':
        specifier: ^3.10.0
        version: 3.10.0(react-hook-form@7.54.2(react@19.0.0))
      react:
        specifier: ^19.0.0
        version: 19.0.0
      react-hook-form:
        specifier: ^7.54.2
        version: 7.54.2(react@19.0.0)
      zod:
        specifier: ^3.24.1
        version: 3.24.1

packages:

  '@hookform/resolvers@3.10.0':
    resolution: {integrity: sha512-79Dv+3mDF7i+2ajj7SkypSKHhl1cbln1OGavqrsF7p6mbUv11xpqpacPsGDCTRvCSjEEIez2ef1NveSVL3b0Ag==}
    peerDependencies:
      react-hook-form: ^7.0.0

  react-hook-form@7.54.2:
    resolution: {integrity: sha512-eHpAUgUjWbZocoQYUHposymRb4ZP6d0uwUnooL2uOybA9/3tPUvoAKqEWK1WaSiTxxOfTpffNZP7QwlnM3/gEg==}
    engines: {node: '>=18.0.0'}
    peerDependencies:
      react: ^16.8.0 || ^17 || ^18 || ^19

  react@19.0.0:
    resolution: {integrity: sha512-V8AVnmPIICiWpGfm6GLzCR/W5FXLchHop40W4nXBmdlEceh16rCN8O8LNWm5bh5XUX91fh7KpA+W0TgMKmgTpQ==}
    engines: {node: '>=0.10.0'}

  zod@3.24.1:
    resolution: {integrity: sha512-muH7gBL9sI1nciMZV67X5fTKKBLtwpZ5VBp1vsOQzj1MhrBZ4wlVCm3gedKZWLp0Oyel8sIGfeiz54Su+OVT+A==}

snapshots:

  '@hookform/resolvers@3.10.0(react-hook-form@7.54.2(react@19.0.0))':
    dependencies:
      react-hook-form: 7.54.2(react@19.0.0)

  react-hook-form@7.54.2(react@19.0.0):
    dependencies:
      react: 19.0.0

  react@19.0.0: {}

  zod@3.24.1: {}
